
Microsoft Visual Studio Solution File, Format Version 12.00
# Visual Studio 2013
VisualStudioVersion = 12.0.40629.0
MinimumVisualStudioVersion = 10.0.40219.1
Project("{FAE04EC0-301F-11D3-BF4B-00C04F79EFBC}") = "PlanIt.Droid", "PlanIt\PlanIt.Droid\PlanIt.Droid.csproj", "{EA38B3ED-6FEA-4195-BF6B-06988E7DD0EC}"
EndProject
Project("{FAE04EC0-301F-11D3-BF4B-00C04F79EFBC}") = "PlanIt.iOS", "PlanIt\PlanIt.iOS\PlanIt.iOS.csproj", "{6D653CA2-B4E7-4F59-841F-B3EB89C31F25}"
EndProject
Project("{FAE04EC0-301F-11D3-BF4B-00C04F79EFBC}") = "PlanIt.WinPhone", "PlanIt\PlanIt.WinPhone\PlanIt.WinPhone.csproj", "{BD5D8C53-512A-4D74-AB47-2958EB5982B9}"
EndProject
Project("{FAE04EC0-301F-11D3-BF4B-00C04F79EFBC}") = "PlanIt.Windows", "PlanIt\PlanIt.Windows\PlanIt.Windows.csproj", "{35DC89F6-224B-48F3-9E1E-A85967DC9404}"
EndProject
Project("{D954291E-2A0B-460D-934E-DC6B0785DB48}") = "PlanIt", "PlanIt\PlanIt\PlanIt.shproj", "{05665868-F25C-4109-B8D7-A5FC50B74E50}"
EndProject
Global
	GlobalSection(SharedMSBuildProjectFiles) = preSolution
		PlanIt\PlanIt\PlanIt.projitems*{05665868-f25c-4109-b8d7-a5fc50b74e50}*SharedItemsImports = 13
	EndGlobalSection
	GlobalSection(SolutionConfigurationPlatforms) = preSolution
		Ad-Hoc|Any CPU = Ad-Hoc|Any CPU
		Ad-Hoc|ARM = Ad-Hoc|ARM
		Ad-Hoc|iPhone = Ad-Hoc|iPhone
		Ad-Hoc|iPhoneSimulator = Ad-Hoc|iPhoneSimulator
		Ad-Hoc|Mixed Platforms = Ad-Hoc|Mixed Platforms
		Ad-Hoc|x64 = Ad-Hoc|x64
		Ad-Hoc|x86 = Ad-Hoc|x86
		AppStore|Any CPU = AppStore|Any CPU
		AppStore|ARM = AppStore|ARM
		AppStore|iPhone = AppStore|iPhone
		AppStore|iPhoneSimulator = AppStore|iPhoneSimulator
		AppStore|Mixed Platforms = AppStore|Mixed Platforms
		AppStore|x64 = AppStore|x64
		AppStore|x86 = AppStore|x86
		Debug|Any CPU = Debug|Any CPU
		Debug|ARM = Debug|ARM
		Debug|iPhone = Debug|iPhone
		Debug|iPhoneSimulator = Debug|iPhoneSimulator
		Debug|Mixed Platforms = Debug|Mixed Platforms
		Debug|x64 = Debug|x64
		Debug|x86 = Debug|x86
		Release|Any CPU = Release|Any CPU
		Release|ARM = Release|ARM
		Release|iPhone = Release|iPhone
		Release|iPhoneSimulator = Release|iPhoneSimulator
		Release|Mixed Platforms = Release|Mixed Platforms
		Release|x64 = Release|x64
		Release|x86 = Release|x86
	EndGlobalSection
	GlobalSection(ProjectConfigurationPlatforms) = postSolution
		{EA38B3ED-6FEA-4195-BF6B-06988E7DD0EC}.Ad-Hoc|Any CPU.ActiveCfg = Release|Any CPU
		{EA38B3ED-6FEA-4195-BF6B-06988E7DD0EC}.Ad-Hoc|Any CPU.Build.0 = Release|Any CPU
		{EA38B3ED-6FEA-4195-BF6B-06988E7DD0EC}.Ad-Hoc|Any CPU.Deploy.0 = Release|Any CPU
		{EA38B3ED-6FEA-4195-BF6B-06988E7DD0EC}.Ad-Hoc|ARM.ActiveCfg = Release|Any CPU
		{EA38B3ED-6FEA-4195-BF6B-06988E7DD0EC}.Ad-Hoc|iPhone.ActiveCfg = Release|Any CPU
		{EA38B3ED-6FEA-4195-BF6B-06988E7DD0EC}.Ad-Hoc|iPhoneSimulator.ActiveCfg = Release|Any CPU
		{EA38B3ED-6FEA-4195-BF6B-06988E7DD0EC}.Ad-Hoc|Mixed Platforms.ActiveCfg = Release|Any CPU
		{EA38B3ED-6FEA-4195-BF6B-06988E7DD0EC}.Ad-Hoc|Mixed Platforms.Build.0 = Release|Any CPU
		{EA38B3ED-6FEA-4195-BF6B-06988E7DD0EC}.Ad-Hoc|Mixed Platforms.Deploy.0 = Release|Any CPU
		{EA38B3ED-6FEA-4195-BF6B-06988E7DD0EC}.Ad-Hoc|x64.ActiveCfg = Release|Any CPU
		{EA38B3ED-6FEA-4195-BF6B-06988E7DD0EC}.Ad-Hoc|x86.ActiveCfg = Release|Any CPU
		{EA38B3ED-6FEA-4195-BF6B-06988E7DD0EC}.AppStore|Any CPU.ActiveCfg = Release|Any CPU
		{EA38B3ED-6FEA-4195-BF6B-06988E7DD0EC}.AppStore|Any CPU.Build.0 = Release|Any CPU
		{EA38B3ED-6FEA-4195-BF6B-06988E7DD0EC}.AppStore|Any CPU.Deploy.0 = Release|Any CPU
		{EA38B3ED-6FEA-4195-BF6B-06988E7DD0EC}.AppStore|ARM.ActiveCfg = Release|Any CPU
		{EA38B3ED-6FEA-4195-BF6B-06988E7DD0EC}.AppStore|iPhone.ActiveCfg = Release|Any CPU
		{EA38B3ED-6FEA-4195-BF6B-06988E7DD0EC}.AppStore|iPhoneSimulator.ActiveCfg = Release|Any CPU
		{EA38B3ED-6FEA-4195-BF6B-06988E7DD0EC}.AppStore|Mixed Platforms.ActiveCfg = Release|Any CPU
		{EA38B3ED-6FEA-4195-BF6B-06988E7DD0EC}.AppStore|Mixed Platforms.Build.0 = Release|Any CPU
		{EA38B3ED-6FEA-4195-BF6B-06988E7DD0EC}.AppStore|Mixed Platforms.Deploy.0 = Release|Any CPU
		{EA38B3ED-6FEA-4195-BF6B-06988E7DD0EC}.AppStore|x64.ActiveCfg = Release|Any CPU
		{EA38B3ED-6FEA-4195-BF6B-06988E7DD0EC}.AppStore|x86.ActiveCfg = Release|Any CPU
		{EA38B3ED-6FEA-4195-BF6B-06988E7DD0EC}.Debug|Any CPU.ActiveCfg = Debug|Any CPU
		{EA38B3ED-6FEA-4195-BF6B-06988E7DD0EC}.Debug|Any CPU.Build.0 = Debug|Any CPU
		{EA38B3ED-6FEA-4195-BF6B-06988E7DD0EC}.Debug|Any CPU.Deploy.0 = Debug|Any CPU
		{EA38B3ED-6FEA-4195-BF6B-06988E7DD0EC}.Debug|ARM.ActiveCfg = Debug|Any CPU
		{EA38B3ED-6FEA-4195-BF6B-06988E7DD0EC}.Debug|iPhone.ActiveCfg = Debug|Any CPU
		{EA38B3ED-6FEA-4195-BF6B-06988E7DD0EC}.Debug|iPhoneSimulator.ActiveCfg = Debug|Any CPU
		{EA38B3ED-6FEA-4195-BF6B-06988E7DD0EC}.Debug|Mixed Platforms.ActiveCfg = Debug|Any CPU
		{EA38B3ED-6FEA-4195-BF6B-06988E7DD0EC}.Debug|Mixed Platforms.Build.0 = Debug|Any CPU
		{EA38B3ED-6FEA-4195-BF6B-06988E7DD0EC}.Debug|Mixed Platforms.Deploy.0 = Debug|Any CPU
		{EA38B3ED-6FEA-4195-BF6B-06988E7DD0EC}.Debug|x64.ActiveCfg = Debug|Any CPU
		{EA38B3ED-6FEA-4195-BF6B-06988E7DD0EC}.Debug|x86.ActiveCfg = Debug|Any CPU
		{EA38B3ED-6FEA-4195-BF6B-06988E7DD0EC}.Release|Any CPU.ActiveCfg = Release|Any CPU
		{EA38B3ED-6FEA-4195-BF6B-06988E7DD0EC}.Release|Any CPU.Build.0 = Release|Any CPU
		{EA38B3ED-6FEA-4195-BF6B-06988E7DD0EC}.Release|Any CPU.Deploy.0 = Release|Any CPU
		{EA38B3ED-6FEA-4195-BF6B-06988E7DD0EC}.Release|ARM.ActiveCfg = Release|Any CPU
		{EA38B3ED-6FEA-4195-BF6B-06988E7DD0EC}.Release|iPhone.ActiveCfg = Release|Any CPU
		{EA38B3ED-6FEA-4195-BF6B-06988E7DD0EC}.Release|iPhoneSimulator.ActiveCfg = Release|Any CPU
		{EA38B3ED-6FEA-4195-BF6B-06988E7DD0EC}.Release|Mixed Platforms.ActiveCfg = Release|Any CPU
		{EA38B3ED-6FEA-4195-BF6B-06988E7DD0EC}.Release|Mixed Platforms.Build.0 = Release|Any CPU
		{EA38B3ED-6FEA-4195-BF6B-06988E7DD0EC}.Release|Mixed Platforms.Deploy.0 = Release|Any CPU
		{EA38B3ED-6FEA-4195-BF6B-06988E7DD0EC}.Release|x64.ActiveCfg = Release|Any CPU
		{EA38B3ED-6FEA-4195-BF6B-06988E7DD0EC}.Release|x86.ActiveCfg = Release|Any CPU
		{6D653CA2-B4E7-4F59-841F-B3EB89C31F25}.Ad-Hoc|Any CPU.ActiveCfg = Ad-Hoc|iPhone
		{6D653CA2-B4E7-4F59-841F-B3EB89C31F25}.Ad-Hoc|ARM.ActiveCfg = Ad-Hoc|iPhone
		{6D653CA2-B4E7-4F59-841F-B3EB89C31F25}.Ad-Hoc|iPhone.ActiveCfg = Ad-Hoc|iPhone
		{6D653CA2-B4E7-4F59-841F-B3EB89C31F25}.Ad-Hoc|iPhone.Build.0 = Ad-Hoc|iPhone
		{6D653CA2-B4E7-4F59-841F-B3EB89C31F25}.Ad-Hoc|iPhoneSimulator.ActiveCfg = Ad-Hoc|iPhoneSimulator
		{6D653CA2-B4E7-4F59-841F-B3EB89C31F25}.Ad-Hoc|iPhoneSimulator.Build.0 = Ad-Hoc|iPhoneSimulator
		{6D653CA2-B4E7-4F59-841F-B3EB89C31F25}.Ad-Hoc|Mixed Platforms.ActiveCfg = Ad-Hoc|iPhone
		{6D653CA2-B4E7-4F59-841F-B3EB89C31F25}.Ad-Hoc|Mixed Platforms.Build.0 = Ad-Hoc|iPhone
		{6D653CA2-B4E7-4F59-841F-B3EB89C31F25}.Ad-Hoc|x64.ActiveCfg = Ad-Hoc|iPhone
		{6D653CA2-B4E7-4F59-841F-B3EB89C31F25}.Ad-Hoc|x86.ActiveCfg = Ad-Hoc|iPhone
		{6D653CA2-B4E7-4F59-841F-B3EB89C31F25}.AppStore|Any CPU.ActiveCfg = AppStore|iPhone
		{6D653CA2-B4E7-4F59-841F-B3EB89C31F25}.AppStore|ARM.ActiveCfg = AppStore|iPhone
		{6D653CA2-B4E7-4F59-841F-B3EB89C31F25}.AppStore|iPhone.ActiveCfg = AppStore|iPhone
		{6D653CA2-B4E7-4F59-841F-B3EB89C31F25}.AppStore|iPhone.Build.0 = AppStore|iPhone
		{6D653CA2-B4E7-4F59-841F-B3EB89C31F25}.AppStore|iPhoneSimulator.ActiveCfg = AppStore|iPhoneSimulator
		{6D653CA2-B4E7-4F59-841F-B3EB89C31F25}.AppStore|iPhoneSimulator.Build.0 = AppStore|iPhoneSimulator
		{6D653CA2-B4E7-4F59-841F-B3EB89C31F25}.AppStore|Mixed Platforms.ActiveCfg = AppStore|iPhone
		{6D653CA2-B4E7-4F59-841F-B3EB89C31F25}.AppStore|Mixed Platforms.Build.0 = AppStore|iPhone
		{6D653CA2-B4E7-4F59-841F-B3EB89C31F25}.AppStore|x64.ActiveCfg = AppStore|iPhone
		{6D653CA2-B4E7-4F59-841F-B3EB89C31F25}.AppStore|x86.ActiveCfg = AppStore|iPhone
		{6D653CA2-B4E7-4F59-841F-B3EB89C31F25}.Debug|Any CPU.ActiveCfg = Debug|iPhone
		{6D653CA2-B4E7-4F59-841F-B3EB89C31F25}.Debug|ARM.ActiveCfg = Debug|iPhone
		{6D653CA2-B4E7-4F59-841F-B3EB89C31F25}.Debug|iPhone.ActiveCfg = Debug|iPhone
		{6D653CA2-B4E7-4F59-841F-B3EB89C31F25}.Debug|iPhone.Build.0 = Debug|iPhone
		{6D653CA2-B4E7-4F59-841F-B3EB89C31F25}.Debug|iPhoneSimulator.ActiveCfg = Debug|iPhoneSimulator
		{6D653CA2-B4E7-4F59-841F-B3EB89C31F25}.Debug|iPhoneSimulator.Build.0 = Debug|iPhoneSimulator
		{6D653CA2-B4E7-4F59-841F-B3EB89C31F25}.Debug|Mixed Platforms.ActiveCfg = Debug|iPhone
		{6D653CA2-B4E7-4F59-841F-B3EB89C31F25}.Debug|Mixed Platforms.Build.0 = Debug|iPhone
		{6D653CA2-B4E7-4F59-841F-B3EB89C31F25}.Debug|x64.ActiveCfg = Debug|iPhone
		{6D653CA2-B4E7-4F59-841F-B3EB89C31F25}.Debug|x86.ActiveCfg = Debug|iPhone
		{6D653CA2-B4E7-4F59-841F-B3EB89C31F25}.Release|Any CPU.ActiveCfg = Release|iPhone
		{6D653CA2-B4E7-4F59-841F-B3EB89C31F25}.Release|ARM.ActiveCfg = Release|iPhone
		{6D653CA2-B4E7-4F59-841F-B3EB89C31F25}.Release|iPhone.ActiveCfg = Release|iPhone
		{6D653CA2-B4E7-4F59-841F-B3EB89C31F25}.Release|iPhone.Build.0 = Release|iPhone
		{6D653CA2-B4E7-4F59-841F-B3EB89C31F25}.Release|iPhoneSimulator.ActiveCfg = Release|iPhoneSimulator
		{6D653CA2-B4E7-4F59-841F-B3EB89C31F25}.Release|iPhoneSimulator.Build.0 = Release|iPhoneSimulator
		{6D653CA2-B4E7-4F59-841F-B3EB89C31F25}.Release|Mixed Platforms.ActiveCfg = Release|iPhone
		{6D653CA2-B4E7-4F59-841F-B3EB89C31F25}.Release|Mixed Platforms.Build.0 = Release|iPhone
		{6D653CA2-B4E7-4F59-841F-B3EB89C31F25}.Release|x64.ActiveCfg = Release|iPhone
		{6D653CA2-B4E7-4F59-841F-B3EB89C31F25}.Release|x86.ActiveCfg = Release|iPhone
		{BD5D8C53-512A-4D74-AB47-2958EB5982B9}.Ad-Hoc|Any CPU.ActiveCfg = Release|Any CPU
		{BD5D8C53-512A-4D74-AB47-2958EB5982B9}.Ad-Hoc|Any CPU.Build.0 = Release|Any CPU
		{BD5D8C53-512A-4D74-AB47-2958EB5982B9}.Ad-Hoc|Any CPU.Deploy.0 = Release|Any CPU
		{BD5D8C53-512A-4D74-AB47-2958EB5982B9}.Ad-Hoc|ARM.ActiveCfg = Release|ARM
		{BD5D8C53-512A-4D74-AB47-2958EB5982B9}.Ad-Hoc|ARM.Build.0 = Release|ARM
		{BD5D8C53-512A-4D74-AB47-2958EB5982B9}.Ad-Hoc|ARM.Deploy.0 = Release|ARM
		{BD5D8C53-512A-4D74-AB47-2958EB5982B9}.Ad-Hoc|iPhone.ActiveCfg = Release|Any CPU
		{BD5D8C53-512A-4D74-AB47-2958EB5982B9}.Ad-Hoc|iPhoneSimulator.ActiveCfg = Release|Any CPU
		{BD5D8C53-512A-4D74-AB47-2958EB5982B9}.Ad-Hoc|Mixed Platforms.ActiveCfg = Release|x86
		{BD5D8C53-512A-4D74-AB47-2958EB5982B9}.Ad-Hoc|Mixed Platforms.Build.0 = Release|x86
		{BD5D8C53-512A-4D74-AB47-2958EB5982B9}.Ad-Hoc|Mixed Platforms.Deploy.0 = Release|x86
		{BD5D8C53-512A-4D74-AB47-2958EB5982B9}.Ad-Hoc|x64.ActiveCfg = Release|Any CPU
		{BD5D8C53-512A-4D74-AB47-2958EB5982B9}.Ad-Hoc|x86.ActiveCfg = Release|x86
		{BD5D8C53-512A-4D74-AB47-2958EB5982B9}.Ad-Hoc|x86.Build.0 = Release|x86
		{BD5D8C53-512A-4D74-AB47-2958EB5982B9}.Ad-Hoc|x86.Deploy.0 = Release|x86
		{BD5D8C53-512A-4D74-AB47-2958EB5982B9}.AppStore|Any CPU.ActiveCfg = Release|Any CPU
		{BD5D8C53-512A-4D74-AB47-2958EB5982B9}.AppStore|Any CPU.Build.0 = Release|Any CPU
		{BD5D8C53-512A-4D74-AB47-2958EB5982B9}.AppStore|Any CPU.Deploy.0 = Release|Any CPU
		{BD5D8C53-512A-4D74-AB47-2958EB5982B9}.AppStore|ARM.ActiveCfg = Release|ARM
		{BD5D8C53-512A-4D74-AB47-2958EB5982B9}.AppStore|ARM.Build.0 = Release|ARM
		{BD5D8C53-512A-4D74-AB47-2958EB5982B9}.AppStore|ARM.Deploy.0 = Release|ARM
		{BD5D8C53-512A-4D74-AB47-2958EB5982B9}.AppStore|iPhone.ActiveCfg = Release|Any CPU
		{BD5D8C53-512A-4D74-AB47-2958EB5982B9}.AppStore|iPhoneSimulator.ActiveCfg = Release|Any CPU
		{BD5D8C53-512A-4D74-AB47-2958EB5982B9}.AppStore|Mixed Platforms.ActiveCfg = Release|x86
		{BD5D8C53-512A-4D74-AB47-2958EB5982B9}.AppStore|Mixed Platforms.Build.0 = Release|x86
		{BD5D8C53-512A-4D74-AB47-2958EB5982B9}.AppStore|Mixed Platforms.Deploy.0 = Release|x86
		{BD5D8C53-512A-4D74-AB47-2958EB5982B9}.AppStore|x64.ActiveCfg = Release|Any CPU
		{BD5D8C53-512A-4D74-AB47-2958EB5982B9}.AppStore|x86.ActiveCfg = Release|x86
		{BD5D8C53-512A-4D74-AB47-2958EB5982B9}.AppStore|x86.Build.0 = Release|x86
		{BD5D8C53-512A-4D74-AB47-2958EB5982B9}.AppStore|x86.Deploy.0 = Release|x86
		{BD5D8C53-512A-4D74-AB47-2958EB5982B9}.Debug|Any CPU.ActiveCfg = Debug|Any CPU
		{BD5D8C53-512A-4D74-AB47-2958EB5982B9}.Debug|Any CPU.Build.0 = Debug|Any CPU
		{BD5D8C53-512A-4D74-AB47-2958EB5982B9}.Debug|Any CPU.Deploy.0 = Debug|Any CPU
		{BD5D8C53-512A-4D74-AB47-2958EB5982B9}.Debug|ARM.ActiveCfg = Debug|ARM
		{BD5D8C53-512A-4D74-AB47-2958EB5982B9}.Debug|ARM.Build.0 = Debug|ARM
		{BD5D8C53-512A-4D74-AB47-2958EB5982B9}.Debug|ARM.Deploy.0 = Debug|ARM
		{BD5D8C53-512A-4D74-AB47-2958EB5982B9}.Debug|iPhone.ActiveCfg = Debug|Any CPU
		{BD5D8C53-512A-4D74-AB47-2958EB5982B9}.Debug|iPhoneSimulator.ActiveCfg = Debug|Any CPU
		{BD5D8C53-512A-4D74-AB47-2958EB5982B9}.Debug|Mixed Platforms.ActiveCfg = Debug|x86
		{BD5D8C53-512A-4D74-AB47-2958EB5982B9}.Debug|Mixed Platforms.Build.0 = Debug|x86
		{BD5D8C53-512A-4D74-AB47-2958EB5982B9}.Debug|Mixed Platforms.Deploy.0 = Debug|x86
		{BD5D8C53-512A-4D74-AB47-2958EB5982B9}.Debug|x64.ActiveCfg = Debug|Any CPU
		{BD5D8C53-512A-4D74-AB47-2958EB5982B9}.Debug|x86.ActiveCfg = Debug|x86
		{BD5D8C53-512A-4D74-AB47-2958EB5982B9}.Debug|x86.Build.0 = Debug|x86
		{BD5D8C53-512A-4D74-AB47-2958EB5982B9}.Debug|x86.Deploy.0 = Debug|x86
		{BD5D8C53-512A-4D74-AB47-2958EB5982B9}.Release|Any CPU.ActiveCfg = Release|Any CPU
		{BD5D8C53-512A-4D74-AB47-2958EB5982B9}.Release|Any CPU.Build.0 = Release|Any CPU
		{BD5D8C53-512A-4D74-AB47-2958EB5982B9}.Release|Any CPU.Deploy.0 = Release|Any CPU
		{BD5D8C53-512A-4D74-AB47-2958EB5982B9}.Release|ARM.ActiveCfg = Release|ARM
		{BD5D8C53-512A-4D74-AB47-2958EB5982B9}.Release|ARM.Build.0 = Release|ARM
		{BD5D8C53-512A-4D74-AB47-2958EB5982B9}.Release|ARM.Deploy.0 = Release|ARM
		{BD5D8C53-512A-4D74-AB47-2958EB5982B9}.Release|iPhone.ActiveCfg = Release|Any CPU
		{BD5D8C53-512A-4D74-AB47-2958EB5982B9}.Release|iPhoneSimulator.ActiveCfg = Release|Any CPU
		{BD5D8C53-512A-4D74-AB47-2958EB5982B9}.Release|Mixed Platforms.ActiveCfg = Release|x86
		{BD5D8C53-512A-4D74-AB47-2958EB5982B9}.Release|Mixed Platforms.Build.0 = Release|x86
		{BD5D8C53-512A-4D74-AB47-2958EB5982B9}.Release|Mixed Platforms.Deploy.0 = Release|x86
		{BD5D8C53-512A-4D74-AB47-2958EB5982B9}.Release|x64.ActiveCfg = Release|Any CPU
		{BD5D8C53-512A-4D74-AB47-2958EB5982B9}.Release|x86.ActiveCfg = Release|x86
		{BD5D8C53-512A-4D74-AB47-2958EB5982B9}.Release|x86.Build.0 = Release|x86
		{BD5D8C53-512A-4D74-AB47-2958EB5982B9}.Release|x86.Deploy.0 = Release|x86
		{35DC89F6-224B-48F3-9E1E-A85967DC9404}.Ad-Hoc|Any CPU.ActiveCfg = Release|Any CPU
		{35DC89F6-224B-48F3-9E1E-A85967DC9404}.Ad-Hoc|Any CPU.Build.0 = Release|Any CPU
		{35DC89F6-224B-48F3-9E1E-A85967DC9404}.Ad-Hoc|Any CPU.Deploy.0 = Release|Any CPU
		{35DC89F6-224B-48F3-9E1E-A85967DC9404}.Ad-Hoc|ARM.ActiveCfg = Release|ARM
		{35DC89F6-224B-48F3-9E1E-A85967DC9404}.Ad-Hoc|ARM.Build.0 = Release|ARM
		{35DC89F6-224B-48F3-9E1E-A85967DC9404}.Ad-Hoc|ARM.Deploy.0 = Release|ARM
		{35DC89F6-224B-48F3-9E1E-A85967DC9404}.Ad-Hoc|iPhone.ActiveCfg = Release|Any CPU
		{35DC89F6-224B-48F3-9E1E-A85967DC9404}.Ad-Hoc|iPhoneSimulator.ActiveCfg = Release|Any CPU
		{35DC89F6-224B-48F3-9E1E-A85967DC9404}.Ad-Hoc|Mixed Platforms.ActiveCfg = Release|x86
		{35DC89F6-224B-48F3-9E1E-A85967DC9404}.Ad-Hoc|Mixed Platforms.Build.0 = Release|x86
		{35DC89F6-224B-48F3-9E1E-A85967DC9404}.Ad-Hoc|Mixed Platforms.Deploy.0 = Release|x86
		{35DC89F6-224B-48F3-9E1E-A85967DC9404}.Ad-Hoc|x64.ActiveCfg = Release|x64
		{35DC89F6-224B-48F3-9E1E-A85967DC9404}.Ad-Hoc|x64.Build.0 = Release|x64
		{35DC89F6-224B-48F3-9E1E-A85967DC9404}.Ad-Hoc|x64.Deploy.0 = Release|x64
		{35DC89F6-224B-48F3-9E1E-A85967DC9404}.Ad-Hoc|x86.ActiveCfg = Release|x86
		{35DC89F6-224B-48F3-9E1E-A85967DC9404}.Ad-Hoc|x86.Build.0 = Release|x86
		{35DC89F6-224B-48F3-9E1E-A85967DC9404}.Ad-Hoc|x86.Deploy.0 = Release|x86
		{35DC89F6-224B-48F3-9E1E-A85967DC9404}.AppStore|Any CPU.ActiveCfg = Release|Any CPU
		{35DC89F6-224B-48F3-9E1E-A85967DC9404}.AppStore|Any CPU.Build.0 = Release|Any CPU
		{35DC89F6-224B-48F3-9E1E-A85967DC9404}.AppStore|Any CPU.Deploy.0 = Release|Any CPU
		{35DC89F6-224B-48F3-9E1E-A85967DC9404}.AppStore|ARM.ActiveCfg = Release|ARM
		{35DC89F6-224B-48F3-9E1E-A85967DC9404}.AppStore|ARM.Build.0 = Release|ARM
		{35DC89F6-224B-48F3-9E1E-A85967DC9404}.AppStore|ARM.Deploy.0 = Release|ARM
		{35DC89F6-224B-48F3-9E1E-A85967DC9404}.AppStore|iPhone.ActiveCfg = Release|Any CPU
		{35DC89F6-224B-48F3-9E1E-A85967DC9404}.AppStore|iPhoneSimulator.ActiveCfg = Release|Any CPU
		{35DC89F6-224B-48F3-9E1E-A85967DC9404}.AppStore|Mixed Platforms.ActiveCfg = Release|x86
		{35DC89F6-224B-48F3-9E1E-A85967DC9404}.AppStore|Mixed Platforms.Build.0 = Release|x86
		{35DC89F6-224B-48F3-9E1E-A85967DC9404}.AppStore|Mixed Platforms.Deploy.0 = Release|x86
		{35DC89F6-224B-48F3-9E1E-A85967DC9404}.AppStore|x64.ActiveCfg = Release|x64
		{35DC89F6-224B-48F3-9E1E-A85967DC9404}.AppStore|x64.Build.0 = Release|x64
		{35DC89F6-224B-48F3-9E1E-A85967DC9404}.AppStore|x64.Deploy.0 = Release|x64
		{35DC89F6-224B-48F3-9E1E-A85967DC9404}.AppStore|x86.ActiveCfg = Release|x86
		{35DC89F6-224B-48F3-9E1E-A85967DC9404}.AppStore|x86.Build.0 = Release|x86
		{35DC89F6-224B-48F3-9E1E-A85967DC9404}.AppStore|x86.Deploy.0 = Release|x86
		{35DC89F6-224B-48F3-9E1E-A85967DC9404}.Debug|Any CPU.ActiveCfg = Debug|Any CPU
		{35DC89F6-224B-48F3-9E1E-A85967DC9404}.Debug|Any CPU.Build.0 = Debug|Any CPU
		{35DC89F6-224B-48F3-9E1E-A85967DC9404}.Debug|Any CPU.Deploy.0 = Debug|Any CPU
		{35DC89F6-224B-48F3-9E1E-A85967DC9404}.Debug|ARM.ActiveCfg = Debug|ARM
		{35DC89F6-224B-48F3-9E1E-A85967DC9404}.Debug|ARM.Build.0 = Debug|ARM
		{35DC89F6-224B-48F3-9E1E-A85967DC9404}.Debug|ARM.Deploy.0 = Debug|ARM
		{35DC89F6-224B-48F3-9E1E-A85967DC9404}.Debug|iPhone.ActiveCfg = Debug|Any CPU
		{35DC89F6-224B-48F3-9E1E-A85967DC9404}.Debug|iPhoneSimulator.ActiveCfg = Debug|Any CPU
		{35DC89F6-224B-48F3-9E1E-A85967DC9404}.Debug|Mixed Platforms.ActiveCfg = Debug|x86
		{35DC89F6-224B-48F3-9E1E-A85967DC9404}.Debug|Mixed Platforms.Build.0 = Debug|x86
		{35DC89F6-224B-48F3-9E1E-A85967DC9404}.Debug|Mixed Platforms.Deploy.0 = Debug|x86
		{35DC89F6-224B-48F3-9E1E-A85967DC9404}.Debug|x64.ActiveCfg = Debug|x64
		{35DC89F6-224B-48F3-9E1E-A85967DC9404}.Debug|x64.Build.0 = Debug|x64
		{35DC89F6-224B-48F3-9E1E-A85967DC9404}.Debug|x64.Deploy.0 = Debug|x64
		{35DC89F6-224B-48F3-9E1E-A85967DC9404}.Debug|x86.ActiveCfg = Debug|x86
		{35DC89F6-224B-48F3-9E1E-A85967DC9404}.Debug|x86.Build.0 = Debug|x86
		{35DC89F6-224B-48F3-9E1E-A85967DC9404}.Debug|x86.Deploy.0 = Debug|x86
		{35DC89F6-224B-48F3-9E1E-A85967DC9404}.Release|Any CPU.ActiveCfg = Release|Any CPU
		{35DC89F6-224B-48F3-9E1E-A85967DC9404}.Release|Any CPU.Build.0 = Release|Any CPU
		{35DC89F6-224B-48F3-9E1E-A85967DC9404}.Release|Any CPU.Deploy.0 = Release|Any CPU
		{35DC89F6-224B-48F3-9E1E-A85967DC9404}.Release|ARM.ActiveCfg = Release|ARM
		{35DC89F6-224B-48F3-9E1E-A85967DC9404}.Release|ARM.Build.0 = Release|ARM
		{35DC89F6-224B-48F3-9E1E-A85967DC9404}.Release|ARM.Deploy.0 = Release|ARM
		{35DC89F6-224B-48F3-9E1E-A85967DC9404}.Release|iPhone.ActiveCfg = Release|Any CPU
		{35DC89F6-224B-48F3-9E1E-A85967DC9404}.Release|iPhoneSimulator.ActiveCfg = Release|Any CPU
		{35DC89F6-224B-48F3-9E1E-A85967DC9404}.Release|Mixed Platforms.ActiveCfg = Release|x86
		{35DC89F6-224B-48F3-9E1E-A85967DC9404}.Release|Mixed Platforms.Build.0 = Release|x86
		{35DC89F6-224B-48F3-9E1E-A85967DC9404}.Release|Mixed Platforms.Deploy.0 = Release|x86
		{35DC89F6-224B-48F3-9E1E-A85967DC9404}.Release|x64.ActiveCfg = Release|x64
		{35DC89F6-224B-48F3-9E1E-A85967DC9404}.Release|x64.Build.0 = Release|x64
		{35DC89F6-224B-48F3-9E1E-A85967DC9404}.Release|x64.Deploy.0 = Release|x64
		{35DC89F6-224B-48F3-9E1E-A85967DC9404}.Release|x86.ActiveCfg = Release|x86
		{35DC89F6-224B-48F3-9E1E-A85967DC9404}.Release|x86.Build.0 = Release|x86
		{35DC89F6-224B-48F3-9E1E-A85967DC9404}.Release|x86.Deploy.0 = Release|x86
	EndGlobalSection
	GlobalSection(SolutionProperties) = preSolution
		HideSolutionNode = FALSE
	EndGlobalSection
EndGlobal
